{
  "lockfileVersion": 1,
  "packages": {
    "@kurkle/color": {
      "version": "0.3.4",
      "requested": "^0.3.0",
      "direct": false,
      "integrity": "sha512-M5UknZPHRu3DEDWoipU6sE8PdkZ6Z/S+v4dD+Ke8IaNlpdSQah50lz1KtcFBa2vsdOnwbbnxJwVM4wty6udA5w==",
      "needs": [],
      "files": [
        "dist/color.esm.js"
      ],
      "types": {
        "RGBA": "type RGBA",
        "hexParse": "function hexParse(str: string):",
        "hexString": "function hexString(v: RGBA): string | RGBA",
        "round": "function round(v: number): number",
        "p2b": "function p2b(v: number): number",
        "b2p": "function b2p(v: number): number",
        "n2b": "function n2b(v: number): number",
        "b2n": "function b2n(v: number): number",
        "n2p": "function n2p(v: number): number",
        "rgb2hsl": "function rgb2hsl(v: RGBA): number[]",
        "hsl2rgb": "function hsl2rgb(h: number | number[], s?: number, l?: number): number[]",
        "hwb2rgb": "function hwb2rgb(h: number | number[], w?: number, b?: number): number[]",
        "hsv2rgb": "function hsv2rgb(h: number | number[], s?: number, v?: number): number[]",
        "hueParse": "function hueParse(str: string): RGBA",
        "rotate": "function rotate(v: RGBA, deg: number): void",
        "hslString": "function hslString(v: RGBA): string",
        "nameParse": "function nameParse(str: string): RGBA",
        "rgbParse": "function rgbParse(str: string): RGBA",
        "rgbString": "function rgbString(v: RGBA): string",
        "Color": "class Color(input: string | number[] | Color | RGBA)",
        "_default": "function _default(input: string | number[] | Color | RGBA): Color"
      }
    },
    "chart.js": {
      "version": "4.5.1",
      "requested": "^4.5.1",
      "direct": true,
      "entries": [
        "auto"
      ],
      "integrity": "sha512-GIjfiT9dbmHRiYi6Nl2yFCq7kkwdkp1W/lp2J99rX0yo9tgJGn3lKQATztIjb5tVtevcBtIdICNWqlq5+E8/Pw==",
      "needs": [
        "@kurkle/color"
      ],
      "files": [
        "auto/auto.js",
        "dist/chart.js",
        "dist/chunks/helpers.dataset.js"
      ],
      "types": {
        "ScriptableContext": "interface ScriptableContext<TType extends ChartType>",
        "ScriptableLineSegmentContext": "interface ScriptableLineSegmentContext",
        "Scriptable": "type Scriptable<T, TContext>",
        "ScriptableOptions": "type ScriptableOptions<T, TContext>",
        "ScriptableAndScriptableOptions": "type ScriptableAndScriptableOptions<T, TContext>",
        "ScriptableAndArray": "type ScriptableAndArray<T, TContext>",
        "ScriptableAndArrayOptions": "type ScriptableAndArrayOptions<T, TContext>",
        "ParsingOptions": "interface ParsingOptions",
        "ControllerDatasetOptions": "interface ControllerDatasetOptions extends ParsingOptions",
        "BarControllerDatasetOptions": "interface BarControllerDatasetOptions",
        "BarControllerChartOptions": "interface BarControllerChartOptions",
        "BarController": "type BarController",
        "BubbleControllerDatasetOptions": "interface BubbleControllerDatasetOptions",
        "BubbleDataPoint": "interface BubbleDataPoint extends Point",
        "BubbleController": "type BubbleController",
        "LineControllerDatasetOptions": "interface LineControllerDatasetOptions",
        "LineControllerChartOptions": "interface LineControllerChartOptions",
        "LineController": "type LineController",
        "ScatterControllerDatasetOptions": "type ScatterControllerDatasetOptions",
        "ScatterDataPoint": "type ScatterDataPoint",
        "ScatterControllerChartOptions": "type ScatterControllerChartOptions",
        "ScatterController": "type ScatterController",
        "DoughnutControllerDatasetOptions": "interface DoughnutControllerDatasetOptions",
        "DoughnutAnimationOptions": "interface DoughnutAnimationOptions extends AnimationSpec<'doughnut'>",
        "DoughnutControllerChartOptions": "interface DoughnutControllerChartOptions",
        "DoughnutDataPoint": "type DoughnutDataPoint",
        "DoughnutController": "interface DoughnutController extends DatasetController",
        "DoughnutMetaExtensions": "interface DoughnutMetaExtensions",
        "PieControllerDatasetOptions": "type PieControllerDatasetOptions",
        "PieControllerChartOptions": "type PieControllerChartOptions",
        "PieAnimationOptions": "type PieAnimationOptions",
        "PieDataPoint": "type PieDataPoint",
        "PieMetaExtensions": "type PieMetaExtensions",
        "PieController": "type PieController",
        "PolarAreaControllerDatasetOptions": "interface PolarAreaControllerDatasetOptions extends DoughnutControllerDatasetOptions",
        "PolarAreaAnimationOptions": "type PolarAreaAnimationOptions",
        "PolarAreaControllerChartOptions": "interface PolarAreaControllerChartOptions",
        "PolarAreaController": "interface PolarAreaController extends DoughnutController",
        "RadarControllerDatasetOptions": "interface RadarControllerDatasetOptions",
        "RadarControllerChartOptions": "type RadarControllerChartOptions",
        "RadarController": "type RadarController",
        "ChartMeta": "type ChartMeta",
        "ActiveDataPoint": "interface ActiveDataPoint",
        "ActiveElement": "interface ActiveElement extends ActiveDataPoint",
        "Chart": "class Chart(item: ChartItem, config: ChartConfiguration<TType, TData, TLabel> | ChartConfigurationCustomTypesPerDataset<TType, TData, TLabel>)",
        "registerables": "const registerables: readonly ChartComponentLike[]",
        "ChartItem": "type ChartItem",
        "UpdateMode": "type UpdateMode",
        "DatasetController": "class DatasetController(chart: Chart, datasetIndex: number)",
        "DatasetControllerChartComponent": "interface DatasetControllerChartComponent extends ChartComponent",
        "Defaults": "interface Defaults extends CoreChartOptions<ChartType>, ElementChartOptions<ChartType>, PluginChartOptions<ChartType>",
        "Overrides": "type Overrides",
        "defaults": "const defaults: Defaults",
        "InteractionOptions": "interface InteractionOptions",
        "InteractionItem": "interface InteractionItem",
        "InteractionModeFunction": "type InteractionModeFunction",
        "InteractionModeMap": "interface InteractionModeMap",
        "InteractionMode": "type InteractionMode",
        "Interaction": "const Interaction:",
        "layouts": "const layouts:",
        "Plugin": "interface Plugin",
        "ChartComponentLike": "type ChartComponentLike",
        "Registry": "interface Registry",
        "registry": "const registry: Registry",
        "Tick": "interface Tick",
        "CoreScaleOptions": "interface CoreScaleOptions",
        "Scale": "interface Scale",
        "ScriptableScaleContext": "interface ScriptableScaleContext",
        "ScriptableScalePointLabelContext": "interface ScriptableScalePointLabelContext",
        "RenderTextOpts": "interface RenderTextOpts",
        "BackdropOptions": "interface BackdropOptions",
        "LabelItem": "interface LabelItem",
        "Ticks": "const Ticks:",
        "TypedRegistry": "interface TypedRegistry<T>",
        "ChartEvent": "interface ChartEvent",
        "ChartComponent": "interface ChartComponent",
        "InteractionAxis": "type InteractionAxis",
        "CoreInteractionOptions": "interface CoreInteractionOptions",
        "CoreChartOptions": "interface CoreChartOptions<TType extends ChartType> extends ParsingOptions, AnimationOptions<TType>",
        "AnimationSpec": "type AnimationSpec<TType extends ChartType>",
        "AnimationsSpec": "type AnimationsSpec<TType extends ChartType>",
        "TransitionSpec": "type TransitionSpec<TType extends ChartType>",
        "TransitionsSpec": "type TransitionsSpec<TType extends ChartType>",
        "AnimationOptions": "type AnimationOptions<TType extends ChartType>",
        "FontSpec": "interface FontSpec",
        "CanvasFontSpec": "interface CanvasFontSpec extends FontSpec",
        "TextAlign": "type TextAlign",
        "Align": "type Align",
        "VisualElement": "interface VisualElement",
        "CommonElementOptions": "interface CommonElementOptions",
        "CommonHoverOptions": "interface CommonHoverOptions",
        "Segment": "interface Segment",
        "ArcBorderRadius": "interface ArcBorderRadius",
        "ArcOptions": "interface ArcOptions extends CommonElementOptions",
        "ArcHoverOptions": "interface ArcHoverOptions extends CommonHoverOptions",
        "LineProps": "interface LineProps",
        "LineOptions": "interface LineOptions extends CommonElementOptions",
        "LineHoverOptions": "interface LineHoverOptions extends CommonHoverOptions",
        "LineElement": "interface LineElement",
        "PointStyle": "type PointStyle",
        "PointOptions": "interface PointOptions extends CommonElementOptions",
        "PointHoverOptions": "interface PointHoverOptions extends CommonHoverOptions",
        "PointPrefixedOptions": "interface PointPrefixedOptions",
        "PointPrefixedHoverOptions": "interface PointPrefixedHoverOptions",
        "BarProps": "interface BarProps extends Point",
        "BarOptions": "interface BarOptions extends Omit<CommonElementOptions, 'borderWidth'>",
        "BorderRadius": "interface BorderRadius",
        "BarHoverOptions": "interface BarHoverOptions extends CommonHoverOptions",
        "BarElement": "interface BarElement",
        "ElementOptionsByType": "interface ElementOptionsByType<TType extends ChartType>",
        "ElementChartOptions": "type ElementChartOptions",
        "BasePlatform": "class BasePlatform",
        "BasicPlatform": "class BasicPlatform extends BasePlatform",
        "DomPlatform": "class DomPlatform extends BasePlatform",
        "Decimation": "const Decimation: Plugin",
        "enum": "const enum DecimationAlgorithm",
        "DecimationOptions": "type DecimationOptions",
        "Filler": "const Filler: Plugin",
        "FillerOptions": "interface FillerOptions",
        "FillTarget": "type FillTarget",
        "ComplexFillTarget": "interface ComplexFillTarget",
        "FillerControllerDatasetOptions": "interface FillerControllerDatasetOptions",
        "Legend": "const Legend: Plugin",
        "LegendItem": "interface LegendItem",
        "LegendElement": "interface LegendElement<TType extends ChartType> extends Element<AnyObject, LegendOptions<TType>>, LayoutItem",
        "LegendOptions": "interface LegendOptions<TType extends ChartType>",
        "SubTitle": "const SubTitle: Plugin",
        "Title": "const Title: Plugin",
        "TitleOptions": "interface TitleOptions",
        "TooltipXAlignment": "type TooltipXAlignment",
        "TooltipYAlignment": "type TooltipYAlignment",
        "TooltipLabelStyle": "interface TooltipLabelStyle",
        "TooltipModel": "interface TooltipModel<TType extends ChartType> extends Element<AnyObject, TooltipOptions<TType>>",
        "TooltipPosition": "interface TooltipPosition extends Point",
        "TooltipPositionerFunction": "type TooltipPositionerFunction<TType extends ChartType>",
        "TooltipPositionerMap": "interface TooltipPositionerMap",
        "TooltipPositioner": "type TooltipPositioner",
        "Tooltip": "interface Tooltip extends Plugin",
        "TooltipDatasetCallbacks": "interface TooltipDatasetCallbacks",
        "TooltipCallbacks": "interface TooltipCallbacks",
        "ExtendedPlugin": "interface ExtendedPlugin",
        "ScriptableTooltipContext": "interface ScriptableTooltipContext<TType extends ChartType>",
        "TooltipOptions": "interface TooltipOptions",
        "TooltipDatasetOptions": "interface TooltipDatasetOptions",
        "TooltipItem": "interface TooltipItem<TType extends ChartType>",
        "PluginDatasetOptionsByType": "interface PluginDatasetOptionsByType<TType extends ChartType>",
        "PluginOptionsByType": "interface PluginOptionsByType<TType extends ChartType>",
        "PluginChartOptions": "interface PluginChartOptions<TType extends ChartType>",
        "BorderOptions": "interface BorderOptions",
        "GridLineOptions": "interface GridLineOptions",
        "TickOptions": "interface TickOptions",
        "CartesianTickOptions": "type CartesianTickOptions",
        "ScriptableCartesianScaleContext": "interface ScriptableCartesianScaleContext",
        "ScriptableChartContext": "interface ScriptableChartContext",
        "CartesianScaleOptions": "interface CartesianScaleOptions extends CoreScaleOptions",
        "CategoryScaleOptions": "type CategoryScaleOptions",
        "CategoryScale": "type CategoryScale",
        "LinearScaleOptions": "type LinearScaleOptions",
        "LinearScale": "type LinearScale",
        "LogarithmicScaleOptions": "type LogarithmicScaleOptions",
        "LogarithmicScale": "type LogarithmicScale",
        "TimeScaleTimeOptions": "type TimeScaleTimeOptions",
        "TimeScaleTickOptions": "type TimeScaleTickOptions",
        "TimeScaleOptions": "type TimeScaleOptions",
        "TimeScale": "interface TimeScale",
        "TimeSeriesScale": "type TimeSeriesScale",
        "RadialTickOptions": "type RadialTickOptions",
        "RadialLinearScaleOptions": "type RadialLinearScaleOptions",
        "RadialLinearScale": "interface RadialLinearScale",
        "CartesianScaleTypeRegistry": "interface CartesianScaleTypeRegistry",
        "RadialScaleTypeRegistry": "interface RadialScaleTypeRegistry",
        "ScaleTypeRegistry": "interface ScaleTypeRegistry extends CartesianScaleTypeRegistry, RadialScaleTypeRegistry",
        "ScaleType": "type ScaleType",
        "CartesianParsedData": "interface CartesianParsedData extends Point",
        "BarParsedData": "interface BarParsedData extends CartesianParsedData",
        "BubbleParsedData": "interface BubbleParsedData extends CartesianParsedData",
        "RadialParsedData": "interface RadialParsedData",
        "ChartTypeRegistry": "interface ChartTypeRegistry",
        "ChartType": "type ChartType",
        "ScaleOptionsByType": "type ScaleOptionsByType",
        "ScaleOptions": "type ScaleOptions",
        "DatasetChartOptions": "type DatasetChartOptions",
        "ScaleChartOptions": "type ScaleChartOptions",
        "ChartOptions": "type ChartOptions",
        "DefaultDataPoint": "type DefaultDataPoint<TType extends ChartType>",
        "ParsedDataType": "type ParsedDataType",
        "ChartDatasetProperties": "interface ChartDatasetProperties<TType extends ChartType, TData>",
        "ChartDatasetPropertiesCustomTypesPerDataset": "interface ChartDatasetPropertiesCustomTypesPerDataset<TType extends ChartType, TData>",
        "ChartDataset": "type ChartDataset",
        "ChartDatasetCustomTypesPerDataset": "type ChartDatasetCustomTypesPerDataset",
        "ChartData": "interface ChartData",
        "ChartDataCustomTypesPerDataset": "interface ChartDataCustomTypesPerDataset",
        "ChartConfiguration": "interface ChartConfiguration",
        "ChartConfigurationCustomTypesPerDataset": "interface ChartConfigurationCustomTypesPerDataset",
        "_detectPlatform": "function _detectPlatform(canvas: any): typeof BasicPlatform | typeof DomPlatform"
      }
    }
  },
  "imports": {
    "@kurkle/color": "/static/vendor/@kurkle/color@0.3.4/dist/color.esm.js",
    "chart.js/auto": "/static/vendor/chart.js@4.5.1/auto/auto.js"
  }
}
